
Microsoft Visual Studio Solution File, Format Version 12.00
# Visual Studio Version 17
VisualStudioVersion = 17.2.32616.157
MinimumVisualStudioVersion = 10.0.40219.1
Project("{FAE04EC0-301F-11D3-BF4B-00C04F79EFBC}") = "newpipelinetest", "newpipelinetest\newpipelinetest.csproj", "{35A9BB40-D44B-4A04-93A7-B2D5927B44DC}"
EndProject
Global
	GlobalSection(SolutionConfigurationPlatforms) = preSolution
		Debug|Any CPU = Debug|Any CPU
		Release|Any CPU = Release|Any CPU
	EndGlobalSection
	GlobalSection(ProjectConfigurationPlatforms) = postSolution
		{35A9BB40-D44B-4A04-93A7-B2D5927B44DC}.Debug|Any CPU.ActiveCfg = Debug|Any CPU
		{35A9BB40-D44B-4A04-93A7-B2D5927B44DC}.Debug|Any CPU.Build.0 = Debug|Any CPU
		{35A9BB40-D44B-4A04-93A7-B2D5927B44DC}.Release|Any CPU.ActiveCfg = Release|Any CPU
		{35A9BB40-D44B-4A04-93A7-B2D5927B44DC}.Release|Any CPU.Build.0 = Release|Any CPU
	EndGlobalSection
	GlobalSection(SolutionProperties) = preSolution
		HideSolutionNode = FALSE
	EndGlobalSection
	GlobalSection(ExtensibilityGlobals) = postSolution
		SolutionGuid = {6626CF01-A9D3-4FF4-A1EA-D299546FE02E}
	EndGlobalSection
EndGlobal
